
Microsoft Visual Studio Solution File, Format Version 12.00
# Visual Studio Version 16
VisualStudioVersion = 16.0.30011.22
MinimumVisualStudioVersion = 10.0.40219.1
Project("{FAE04EC0-301F-11D3-BF4B-00C04F79EFBC}") = "ClassMetotDemo", "ClassMetotDemo\ClassMetotDemo.csproj", "{9F524D63-0E4A-45B6-A87D-15C23870962D}"
EndProject
Global
	GlobalSection(SolutionConfigurationPlatforms) = preSolution
		Debug|Any CPU = Debug|Any CPU
		Release|Any CPU = Release|Any CPU
	EndGlobalSection
	GlobalSection(ProjectConfigurationPlatforms) = postSolution
		{9F524D63-0E4A-45B6-A87D-15C23870962D}.Debug|Any CPU.ActiveCfg = Debug|Any CPU
		{9F524D63-0E4A-45B6-A87D-15C23870962D}.Debug|Any CPU.Build.0 = Debug|Any CPU
		{9F524D63-0E4A-45B6-A87D-15C23870962D}.Release|Any CPU.ActiveCfg = Release|Any CPU
		{9F524D63-0E4A-45B6-A87D-15C23870962D}.Release|Any CPU.Build.0 = Release|Any CPU
	EndGlobalSection
	GlobalSection(SolutionProperties) = preSolution
		HideSolutionNode = FALSE
	EndGlobalSection
	GlobalSection(ExtensibilityGlobals) = postSolution
		SolutionGuid = {1567C9B4-F98D-41FD-A0DD-B030E6F7A4FA}
	EndGlobalSection
EndGlobal
